{
  "originHash" : "f01de60dea587b952c05a936bdc2c39e8a61aacc8fed183e86511c259da5587a",
  "pins" : [
    {
      "identity" : "swift-extras",
      "kind" : "remoteSourceControl",
      "location" : "https://github.com/stansmida/swift-extras.git",
      "state" : {
        "revision" : "fec52ce3f4c43cdbd5fde6b13a9535a950880ad3",
        "version" : "0.7.5"
      }
    },
    {
      "identity" : "swift-syntax",
      "kind" : "remoteSourceControl",
      "location" : "https://github.com/apple/swift-syntax.git",
      "state" : {
        "revision" : "0687f71944021d616d34d922343dcef086855920",
        "version" : "600.0.1"
      }
    },
    {
      "identity" : "swift-syntax-extras",
      "kind" : "remoteSourceControl",
      "location" : "https://github.com/stansmida/swift-syntax-extras.git",
      "state" : {
        "revision" : "7f42cd8be9f1433a9bfd5b2b44effe1cd8a1f02c",
        "version" : "0.6.0"
      }
    }
  ],
  "version" : 3
}
