{
  "originHash" : "e0c5bd1270146c6ecb296b038a335e2455f4b8c1cc96ee5860fe2da5aea723af",
  "pins" : [
    {
      "identity" : "swift-extras",
      "kind" : "remoteSourceControl",
      "location" : "https://github.com/stansmida/swift-extras.git",
      "state" : {
        "revision" : "beced210c6290dcff1c0aefbce2ea572c4691e13",
        "version" : "0.7.4"
      }
    },
    {
      "identity" : "swift-syntax",
      "kind" : "remoteSourceControl",
      "location" : "https://github.com/apple/swift-syntax.git",
      "state" : {
        "revision" : "fa8f95c2d536d6620cc2f504ebe8a6167c9fc2dd",
        "version" : "510.0.1"
      }
    },
    {
      "identity" : "swift-syntax-extras",
      "kind" : "remoteSourceControl",
      "location" : "https://github.com/stansmida/swift-syntax-extras.git",
      "state" : {
        "revision" : "fb91a724e613088ac028e03dce449a72e3578ff6",
        "version" : "0.5.1"
      }
    }
  ],
  "version" : 3
}
